github.com/apparentlymart/go-textseg/v15 v15.0.0 h1:uYvfpb3DyLSCGWnctWKGj857c6ew1u1fNQOlOtuGxQY=
github.com/apparentlymart/go-textseg/v15 v15.0.0/go.mod h1:K8XmNZdhEBkdlyDdvbmmsvpAG721bKi0joRfFdHIWJ4=
github.com/davecgh/go-spew v1.1.1 h1:vj9j/u1bqnvCEfJOwUhtlOARqs3+rkHYY13jYWTU97c=
github.com/davecgh/go-spew v1.1.1/go.mod h1:J7Y8YcW2NihsgmVo/mv3lAwl/skON4iLHjSsI+c5H38=
github.com/golang/geo v0.0.0-20260415063119-550b242b3150 h1:F5CQANtNulclG+xJt370ohUujAEHq2XNBBAjkoSukQI=
github.com/golang/geo v0.0.0-20260415063119-550b242b3150/go.mod h1:Mymr9kRGDc64JPr03TSZmuIBODZ3KyswLzm1xL0HFA8=
github.com/google/go-cmp v0.7.0 h1:wk8382ETsv4JYUZwIsn6YpYiWiBsYLSJiTsyBybVuN8=
github.com/google/go-cmp v0.7.0/go.mod h1:pXiqmnSA92OHEEa9HXL2W4E7lf9JzCmGVUdgjX3N/iU=
github.com/itchyny/timefmt-go v0.1.8 h1:1YEo1JvfXeAHKdjelbYr/uCuhkybaHCeTkH8Bo791OI=
github.com/itchyny/timefmt-go v0.1.8/go.mod h1:5E46Q+zj7vbTgWY8o5YkMeYb4I6GeWLFnetPy5oBrAI=
github.com/kixorz/suncalc v1.0.0 h1:jRs01KumG8jL4a7xtJ96X6H97awxnzpO2dzpuTZdm00=
github.com/kixorz/suncalc v1.0.0/go.mod h1:oje1Y/vU97KtaYBjnQpJEQQxQUL+0tQ7ea/ekU3YrYg=
github.com/natemcintosh/geographiclib-go v0.1.0 h1:JftnuVB0sD4a71yuayDbuYTdbuk0uOY0AI0mulUaDww=
github.com/natemcintosh/geographiclib-go v0.1.0/go.mod h1:RJESGYZbVc5tMEx6xg1Zy3O6F/N5qVudsrBY4jlqpaw=
github.com/nathan-osman/go-sunrise v1.1.0 h1:ZqZmtmtzs8Os/DGQYi0YMHpuUqR/iRoJK+wDO0wTCw8=
github.com/nathan-osman/go-sunrise v1.1.0/go.mod h1:RcWqhT+5ShCZDev79GuWLayetpJp78RSjSWxiDowmlM=
github.com/pmezard/go-difflib v1.0.0 h1:4DBwDE0NGyQoBHbLQYPwSUPoCMWR5BEzIk/f1lZbAQM=
github.com/pmezard/go-difflib v1.0.0/go.mod h1:iKH77koFhYxTK1pcRnkKkqfTogsbg7gZNVY4sRDYZ/4=
github.com/sosodev/duration v1.4.0 h1:35ed0KiVFriGHHzZZJaZLgmTEEICIyt8Sx0RQfj9IjE=
github.com/sosodev/duration v1.4.0/go.mod h1:RQIBBX0+fMLc/D9+Jb/fwvVmo0eZvDDEERAikUR6SDg=
github.com/stretchr/testify v1.11.1 h1:7s2iGBzp5EwR7/aIZr8ao5+dra3wiQyKjjFuvgVKu7U=
github.com/stretchr/testify v1.11.1/go.mod h1:wZwfW3scLgRK+23gO65QZefKpKQRnfz6sD981Nm4B6U=
github.com/tsarna/rich-cty-types v0.1.0 h1:kB5UImttQIUEwwaarYD2z9Iy2gxlHknCPunjNlXgRGI=
github.com/tsarna/rich-cty-types v0.1.0/go.mod h1:ExfNIaAeqEo19WLcrFAGPfsLmIQ4GCEvhu8MRbZeV4k=
github.com/tsarna/time-cty-funcs v0.2.1 h1:MHz0UYQe/EUDu2dVH5ZnBT44d4eDjsEsNeHk/rsj1Qo=
github.com/tsarna/time-cty-funcs v0.2.1/go.mod h1:Gi89xEq4jLucO4LkWvyq5vfGA26qY/GzXOsy8im5Yw8=
github.com/zclconf/go-cty v1.18.1 h1:yEGE8M4iIZlyKQURZNb2SnEyZlZHUcBCnx6KF81KuwM=
github.com/zclconf/go-cty v1.18.1/go.mod h1:qpnV6EDNgC1sns/AleL1fvatHw72j+S+nS+MJ+T2CSg=
golang.org/x/text v0.33.0 h1:B3njUFyqtHDUI5jMn1YIr5B0IE2U0qck04r6d4KPAxE=
golang.org/x/text v0.33.0/go.mod h1:LuMebE6+rBincTi9+xWTY8TztLzKHc/9C1uBCG27+q8=
gopkg.in/yaml.v3 v3.0.1 h1:fxVm/GzAzEWqLHuvctI91KS9hhNmmWOoWu0XTYJS7CA=
gopkg.in/yaml.v3 v3.0.1/go.mod h1:K4uyk7z7BCEPqu6E+C64Yfv1cQ7kz7rIZviUmN+EgEM=
